lockfileVersion: 5.4

importers:

  .:
    specifiers:
      '@vitejs/plugin-vue': ^4.1.0
      '@vue/runtime-core': ^3.2.47
      less: ^4.1.3
      typescript: ^5.0.4
      unplugin-vue-define-options: 1.3.3
      vite: ^4.2.1
      vite-plugin-dts: ^1.2.0
      vue: ^3.2.47
    devDependencies:
      '@vitejs/plugin-vue': 4.1.0_vite@4.2.1+vue@3.2.47
      '@vue/runtime-core': 3.2.47
      less: 4.1.3
      typescript: 5.0.4
      unplugin-vue-define-options: registry.npmjs.org/unplugin-vue-define-options/1.3.3_vue@3.2.47
      vite: 4.2.1_less@4.1.3
      vite-plugin-dts: 1.2.0_vite@4.2.1
      vue: 3.2.47

  packages/a:
    specifiers: {}

  packages/b:
    specifiers:
      '@easyest/a': workspace:^1.0.0
    dependencies:
      '@easyest/a': link:../a

  packages/components:
    specifiers: {}

  packages/utils:
    specifiers: {}

  play:
    specifiers:
      '@easyest/components': workspace:^1.0.0
      '@vitejs/plugin-vue': ^4.1.0
      vite: ^4.2.1
    dependencies:
      '@easyest/components': link:../packages/components
    devDependencies:
      '@vitejs/plugin-vue': 4.1.0_vite@4.2.1
      vite: 4.2.1

packages:

  /@babel/helper-string-parser/7.19.4:
    resolution: {integrity: sha1-ONOstlS0cBqbd/sGFalvd1w6nmM=, tarball: '@babel/helper-string-parser/download/@babel/helper-string-parser-7.19.4.tgz'}
    engines: {node: '>=6.9.0'}
    dev: true

  /@babel/helper-validator-identifier/7.19.1:
    resolution: {integrity: sha1-fuqDTPMpAf/cGn7lVeL5wn4knKI=, tarball: '@babel/helper-validator-identifier/download/@babel/helper-validator-identifier-7.19.1.tgz'}
    engines: {node: '>=6.9.0'}
    dev: true

  /@babel/parser/7.21.4:
    resolution: {integrity: sha1-lAA/38Ugu+KHXUrlV7Q9222IDxc=, tarball: '@babel/parser/download/@babel/parser-7.21.4.tgz'}
    engines: {node: '>=6.0.0'}
    hasBin: true
    dev: true

  /@babel/types/7.21.4:
    resolution: {integrity: sha1-LV1rt5CGmbO0FkCf/TtdqiWwMNQ=, tarball: '@babel/types/download/@babel/types-7.21.4.tgz'}
    engines: {node: '>=6.9.0'}
    dependencies:
      '@babel/helper-string-parser': 7.19.4
      '@babel/helper-validator-identifier': 7.19.1
      to-fast-properties: 2.0.0
    dev: true

  /@esbuild/android-arm/0.17.12:
    resolution: {integrity: sha1-Z3oJKX4fTzerp7T8TzEIiwBISYU=, tarball: '@esbuild/android-arm/download/@esbuild/android-arm-0.17.12.tgz'}
    engines: {node: '>=12'}
    cpu: [arm]
    os: [android]
    requiresBuild: true
    dev: true
    optional: true

  /@esbuild/android-arm64/0.17.12:
    resolution: {integrity: sha1-FajitAfQOYm4meMlFR3C6W0ZxiA=, tarball: '@esbuild/android-arm64/download/@esbuild/android-arm64-0.17.12.tgz'}
    engines: {node: '>=12'}
    cpu: [arm64]
    os: [android]
    requiresBuild: true
    dev: true
    optional: true

  /@esbuild/android-x64/0.17.12:
    resolution: {integrity: sha1-spJynu9OAGCuGUH2oCHE0lQqNSE=, tarball: '@esbuild/android-x64/download/@esbuild/android-x64-0.17.12.tgz'}
    engines: {node: '>=12'}
    cpu: [x64]
    os: [android]
    requiresBuild: true
    dev: true
    optional: true

  /@esbuild/darwin-arm64/0.17.12:
    resolution: {integrity: sha1-76NTGN+THaBYJYlOF4e5dtVa2+M=, tarball: '@esbuild/darwin-arm64/download/@esbuild/darwin-arm64-0.17.12.tgz'}
    engines: {node: '>=12'}
    cpu: [arm64]
    os: [darwin]
    requiresBuild: true
    dev: true
    optional: true

  /@esbuild/darwin-x64/0.17.12:
    resolution: {integrity: sha1-57VLs/bcgarf0Ehc0WI8ZIFX5k0=, tarball: '@esbuild/darwin-x64/download/@esbuild/darwin-x64-0.17.12.tgz'}
    engines: {node: '>=12'}
    cpu: [x64]
    os: [darwin]
    requiresBuild: true
    dev: true
    optional: true

  /@esbuild/freebsd-arm64/0.17.12:
    resolution: {integrity: sha1-maGKhXnWKZxElWb+kdm2pUzypZE=, tarball: '@esbuild/freebsd-arm64/download/@esbuild/freebsd-arm64-0.17.12.tgz'}
    engines: {node: '>=12'}
    cpu: [arm64]
    os: [freebsd]
    requiresBuild: true
    dev: true
    optional: true

  /@esbuild/freebsd-x64/0.17.12:
    resolution: {integrity: sha1-DgkBkP7eMH+0Ai9nF5GlDdUSGr0=, tarball: '@esbuild/freebsd-x64/download/@esbuild/freebsd-x64-0.17.12.tgz'}
    engines: {node: '>=12'}
    cpu: [x64]
    os: [freebsd]
    requiresBuild: true
    dev: true
    optional: true

  /@esbuild/linux-arm/0.17.12:
    resolution: {integrity: sha1-uHx26/H+A+Af1rtc/C88W+zV7pM=, tarball: '@esbuild/linux-arm/download/@esbuild/linux-arm-0.17.12.tgz'}
    engines: {node: '>=12'}
    cpu: [arm]
    os: [linux]
    requiresBuild: true
    dev: true
    optional: true

  /@esbuild/linux-arm64/0.17.12:
    resolution: {integrity: sha1-f+Kmn4oacVP6Kw9EqryttZR1x+A=, tarball: '@esbuild/linux-arm64/download/@esbuild/linux-arm64-0.17.12.tgz'}
    engines: {node: '>=12'}
    cpu: [arm64]
    os: [linux]
    requiresBuild: true
    dev: true
    optional: true

  /@esbuild/linux-ia32/0.17.12:
    resolution: {integrity: sha1-npNXCQJUUk0y5nCIg6RzKPMDeFg=, tarball: '@esbuild/linux-ia32/download/@esbuild/linux-ia32-0.17.12.tgz'}
    engines: {node: '>=12'}
    cpu: [ia32]
    os: [linux]
    requiresBuild: true
    dev: true
    optional: true

  /@esbuild/linux-loong64/0.17.12:
    resolution: {integrity: sha1-netgX54sgvWUEt3++0trltVLW1s=, tarball: '@esbuild/linux-loong64/download/@esbuild/linux-loong64-0.17.12.tgz'}
    engines: {node: '>=12'}
    cpu: [loong64]
    os: [linux]
    requiresBuild: true
    dev: true
    optional: true

  /@esbuild/linux-mips64el/0.17.12:
    resolution: {integrity: sha1-bvFwuXTd9eas36WwXyK26d/SsAM=, tarball: '@esbuild/linux-mips64el/download/@esbuild/linux-mips64el-0.17.12.tgz'}
    engines: {node: '>=12'}
    cpu: [mips64el]
    os: [linux]
    requiresBuild: true
    dev: true
    optional: true

  /@esbuild/linux-ppc64/0.17.12:
    resolution: {integrity: sha1-FjjT1Kzx00qvN8+JCMLhzv7RYgQ=, tarball: '@esbuild/linux-ppc64/download/@esbuild/linux-ppc64-0.17.12.tgz'}
    engines: {node: '>=12'}
    cpu: [ppc64]
    os: [linux]
    requiresBuild: true
    dev: true
    optional: true

  /@esbuild/linux-riscv64/0.17.12:
    resolution: {integrity: sha1-E1tuknCo4t4rkJS7IaKHUX31IO8=, tarball: '@esbuild/linux-riscv64/download/@esbuild/linux-riscv64-0.17.12.tgz'}
    engines: {node: '>=12'}
    cpu: [riscv64]
    os: [linux]
    requiresBuild: true
    dev: true
    optional: true

  /@esbuild/linux-s390x/0.17.12:
    resolution: {integrity: sha1-IeQIMHcMXQg2jjAIQr3jgs6X1hU=, tarball: '@esbuild/linux-s390x/download/@esbuild/linux-s390x-0.17.12.tgz'}
    engines: {node: '>=12'}
    cpu: [s390x]
    os: [linux]
    requiresBuild: true
    dev: true
    optional: true

  /@esbuild/linux-x64/0.17.12:
    resolution: {integrity: sha1-dsHBmYcdSOGqpHp2L7ng3KUuH3o=, tarball: '@esbuild/linux-x64/download/@esbuild/linux-x64-0.17.12.tgz'}
    engines: {node: '>=12'}
    cpu: [x64]
    os: [linux]
    requiresBuild: true
    dev: true
    optional: true

  /@esbuild/netbsd-x64/0.17.12:
    resolution: {integrity: sha1-x8OzAXpLk4x2w19mr1Kbr2LqxSc=, tarball: '@esbuild/netbsd-x64/download/@esbuild/netbsd-x64-0.17.12.tgz'}
    engines: {node: '>=12'}
    cpu: [x64]
    os: [netbsd]
    requiresBuild: true
    dev: true
    optional: true

  /@esbuild/openbsd-x64/0.17.12:
    resolution: {integrity: sha1-BdBCF9mA4EkAGv2+rLtY0xu1zvs=, tarball: '@esbuild/openbsd-x64/download/@esbuild/openbsd-x64-0.17.12.tgz'}
    engines: {node: '>=12'}
    cpu: [x64]
    os: [openbsd]
    requiresBuild: true
    dev: true
    optional: true

  /@esbuild/sunos-x64/0.17.12:
    resolution: {integrity: sha1-zzhiUhYA5OtsRA7DutMe1A+4fvM=, tarball: '@esbuild/sunos-x64/download/@esbuild/sunos-x64-0.17.12.tgz'}
    engines: {node: '>=12'}
    cpu: [x64]
    os: [sunos]
    requiresBuild: true
    dev: true
    optional: true

  /@esbuild/win32-arm64/0.17.12:
    resolution: {integrity: sha1-Q91/tb53vxKhVQNVqysSPv1gho4=, tarball: '@esbuild/win32-arm64/download/@esbuild/win32-arm64-0.17.12.tgz'}
    engines: {node: '>=12'}
    cpu: [arm64]
    os: [win32]
    requiresBuild: true
    dev: true
    optional: true

  /@esbuild/win32-ia32/0.17.12:
    resolution: {integrity: sha1-mUCWPQv/TqMDWoTitMbkHF5ilus=, tarball: '@esbuild/win32-ia32/download/@esbuild/win32-ia32-0.17.12.tgz'}
    engines: {node: '>=12'}
    cpu: [ia32]
    os: [win32]
    requiresBuild: true
    dev: true
    optional: true

  /@esbuild/win32-x64/0.17.12:
    resolution: {integrity: sha1-OhHRPppbDAXbiJkbI02Lq6H5ZIc=, tarball: '@esbuild/win32-x64/download/@esbuild/win32-x64-0.17.12.tgz'}
    engines: {node: '>=12'}
    cpu: [x64]
    os: [win32]
    requiresBuild: true
    dev: true
    optional: true

  /@jridgewell/sourcemap-codec/1.4.15:
    resolution: {integrity: sha1-18bmdVx4VnqVHgSrUu8P0m3lnzI=, tarball: '@jridgewell/sourcemap-codec/download/@jridgewell/sourcemap-codec-1.4.15.tgz'}
    dev: true

  /@microsoft/api-extractor-model/7.18.2:
    resolution: {integrity: sha1-3vdL6Lx4W+uab1KgpMC5+PeC5Yc=, tarball: '@microsoft/api-extractor-model/download/@microsoft/api-extractor-model-7.18.2.tgz'}
    dependencies:
      '@microsoft/tsdoc': 0.14.1
      '@microsoft/tsdoc-config': 0.16.1
      '@rushstack/node-core-library': 3.45.7
    dev: true

  /@microsoft/api-extractor/7.25.2:
    resolution: {integrity: sha1-NlY5rXQJ3MHM392bo125lZKkFTE=, tarball: '@microsoft/api-extractor/download/@microsoft/api-extractor-7.25.2.tgz'}
    hasBin: true
    dependencies:
      '@microsoft/api-extractor-model': 7.18.2
      '@microsoft/tsdoc': 0.14.1
      '@microsoft/tsdoc-config': 0.16.1
      '@rushstack/node-core-library': 3.45.7
      '@rushstack/rig-package': 0.3.12
      '@rushstack/ts-command-line': 4.11.1
      colors: 1.2.5
      lodash: 4.17.21
      resolve: 1.17.0
      semver: 7.3.8
      source-map: 0.6.1
      typescript: 4.6.4
    dev: true

  /@microsoft/tsdoc-config/0.16.1:
    resolution: {integrity: sha1-TeEZdsEgKFTEYY82S/SZtL4z5lc=, tarball: '@microsoft/tsdoc-config/download/@microsoft/tsdoc-config-0.16.1.tgz'}
    dependencies:
      '@microsoft/tsdoc': 0.14.1
      ajv: 6.12.6
      jju: 1.4.0
      resolve: 1.19.0
    dev: true

  /@microsoft/tsdoc/0.14.1:
    resolution: {integrity: sha1-FV7yEGVCeQGZTnZdqKC6DqrouL0=, tarball: '@microsoft/tsdoc/download/@microsoft/tsdoc-0.14.1.tgz'}
    dev: true

  /@nodelib/fs.scandir/2.1.5:
    resolution: {integrity: sha1-dhnC6yGyVIP20WdUi0z9WnSIw9U=, tarball: '@nodelib/fs.scandir/download/@nodelib/fs.scandir-2.1.5.tgz'}
    engines: {node: '>= 8'}
    dependencies:
      '@nodelib/fs.stat': 2.0.5
      run-parallel: 1.2.0
    dev: true

  /@nodelib/fs.stat/2.0.5:
    resolution: {integrity: sha1-W9Jir5Tp0lvR5xsF3u1Eh2oiLos=, tarball: '@nodelib/fs.stat/download/@nodelib/fs.stat-2.0.5.tgz'}
    engines: {node: '>= 8'}
    dev: true

  /@nodelib/fs.walk/1.2.8:
    resolution: {integrity: sha1-6Vc36LtnRt3t9pxVaVNJTxlv5po=, tarball: '@nodelib/fs.walk/download/@nodelib/fs.walk-1.2.8.tgz'}
    engines: {node: '>= 8'}
    dependencies:
      '@nodelib/fs.scandir': 2.1.5
      fastq: 1.15.0
    dev: true

  /@rollup/pluginutils/5.0.2:
    resolution: {integrity: sha1-ASuPU8ceT2+csxfjEd8UBPVuejM=, tarball: '@rollup/pluginutils/download/@rollup/pluginutils-5.0.2.tgz'}
    engines: {node: '>=14.0.0'}
    peerDependencies:
      rollup: ^1.20.0||^2.0.0||^3.0.0
    peerDependenciesMeta:
      rollup:
        optional: true
    dependencies:
      '@types/estree': 1.0.0
      estree-walker: 2.0.2
      picomatch: 2.3.1
    dev: true

  /@rushstack/node-core-library/3.45.7:
    resolution: {integrity: sha1-6VmCCm2wZ8J4wg31FQPivEIuk0k=, tarball: '@rushstack/node-core-library/download/@rushstack/node-core-library-3.45.7.tgz'}
    dependencies:
      '@types/node': 12.20.24
      colors: 1.2.5
      fs-extra: 7.0.1
      import-lazy: 4.0.0
      jju: 1.4.0
      resolve: 1.17.0
      semver: 7.3.8
      timsort: 0.3.0
      z-schema: 5.0.3
    dev: true

  /@rushstack/rig-package/0.3.12:
    resolution: {integrity: sha1-a/LUU3S6ZlkCvzHsDG5drVW6G3M=, tarball: '@rushstack/rig-package/download/@rushstack/rig-package-0.3.12.tgz'}
    dependencies:
      resolve: 1.17.0
      strip-json-comments: 3.1.1
    dev: true

  /@rushstack/ts-command-line/4.11.1:
    resolution: {integrity: sha1-ELgJYN2u1oVEUomAfHV0Pk7wtek=, tarball: '@rushstack/ts-command-line/download/@rushstack/ts-command-line-4.11.1.tgz'}
    dependencies:
      '@types/argparse': 1.0.38
      argparse: 1.0.10
      colors: 1.2.5
      string-argv: 0.3.1
    dev: true

  /@ts-morph/common/0.13.0:
    resolution: {integrity: sha1-d96hVluq8ALRvCwg4F0fszSQCKk=, tarball: '@ts-morph/common/download/@ts-morph/common-0.13.0.tgz'}
    dependencies:
      fast-glob: 3.2.12
      minimatch: 5.1.6
      mkdirp: 1.0.4
      path-browserify: 1.0.1
    dev: true

  /@types/argparse/1.0.38:
    resolution: {integrity: sha1-qB/YYG1IH4c6OADG665PHXaKVqk=, tarball: '@types/argparse/download/@types/argparse-1.0.38.tgz'}
    dev: true

  /@types/estree/1.0.0:
    resolution: {integrity: sha1-X7LlNsGum/NTZu7Yeegn+lnKQcI=, tarball: '@types/estree/download/@types/estree-1.0.0.tgz'}
    dev: true

  /@types/node/12.20.24:
    resolution: {integrity: sha1-w3rGnLKUivtM75X0JPoAN5camlw=, tarball: '@types/node/download/@types/node-12.20.24.tgz'}
    dev: true

  /@vitejs/plugin-vue/4.1.0_vite@4.2.1:
    resolution: {integrity: sha1-tqnYPNkVdffuFVk/ZEQ5f2h1EHM=, tarball: '@vitejs/plugin-vue/download/@vitejs/plugin-vue-4.1.0.tgz'}
    engines: {node: ^14.18.0 || >=16.0.0}
    peerDependencies:
      vite: ^4.0.0
      vue: ^3.2.25
    dependencies:
      vite: 4.2.1
    dev: true

  /@vitejs/plugin-vue/4.1.0_vite@4.2.1+vue@3.2.47:
    resolution: {integrity: sha1-tqnYPNkVdffuFVk/ZEQ5f2h1EHM=, tarball: '@vitejs/plugin-vue/download/@vitejs/plugin-vue-4.1.0.tgz'}
    engines: {node: ^14.18.0 || >=16.0.0}
    peerDependencies:
      vite: ^4.0.0
      vue: ^3.2.25
    dependencies:
      vite: 4.2.1_less@4.1.3
      vue: 3.2.47
    dev: true

  /@vue-macros/common/1.2.0_vue@3.2.47:
    resolution: {integrity: sha1-77PdzUAbL/oP+5T/nqc9z0hrcU0=, tarball: '@vue-macros/common/download/@vue-macros/common-1.2.0.tgz'}
    engines: {node: '>=14.19.0'}
    peerDependencies:
      vue: ^2.7.0 || ^3.2.25
    peerDependenciesMeta:
      vue:
        optional: true
    dependencies:
      '@babel/types': 7.21.4
      '@rollup/pluginutils': 5.0.2
      '@vue/compiler-sfc': 3.3.0-alpha.12
      local-pkg: 0.4.3
      magic-string-ast: 0.1.2
      vue: 3.2.47
    transitivePeerDependencies:
      - rollup
    dev: true

  /@vue/compiler-core/3.2.47:
    resolution: {integrity: sha1-PgfGhNdIl6yapZIsUgdB8wKSZ/g=, tarball: '@vue/compiler-core/download/@vue/compiler-core-3.2.47.tgz'}
    dependencies:
      '@babel/parser': 7.21.4
      '@vue/shared': 3.2.47
      estree-walker: 2.0.2
      source-map: 0.6.1
    dev: true

  /@vue/compiler-core/3.3.0-alpha.12:
    resolution: {integrity: sha1-uqALmatUwLz50LBrPvvOOUNPYBY=, tarball: '@vue/compiler-core/download/@vue/compiler-core-3.3.0-alpha.12.tgz'}
    dependencies:
      '@babel/parser': 7.21.4
      '@vue/shared': 3.3.0-alpha.12
      estree-walker: 2.0.2
      source-map-js: 1.0.2
    dev: true

  /@vue/compiler-dom/3.2.47:
    resolution: {integrity: sha1-oLBsr373BWk55WPcqpy94weU8wU=, tarball: '@vue/compiler-dom/download/@vue/compiler-dom-3.2.47.tgz'}
    dependencies:
      '@vue/compiler-core': 3.2.47
      '@vue/shared': 3.2.47
    dev: true

  /@vue/compiler-dom/3.3.0-alpha.12:
    resolution: {integrity: sha1-qkx6wxsX97K31oc8HgR0M79lRvY=, tarball: '@vue/compiler-dom/download/@vue/compiler-dom-3.3.0-alpha.12.tgz'}
    dependencies:
      '@vue/compiler-core': 3.3.0-alpha.12
      '@vue/shared': 3.3.0-alpha.12
    dev: true

  /@vue/compiler-sfc/3.2.47:
    resolution: {integrity: sha1-G9w29s3BZD9y4sOX6xo5j1AErT0=, tarball: '@vue/compiler-sfc/download/@vue/compiler-sfc-3.2.47.tgz'}
    dependencies:
      '@babel/parser': 7.21.4
      '@vue/compiler-core': 3.2.47
      '@vue/compiler-dom': 3.2.47
      '@vue/compiler-ssr': 3.2.47
      '@vue/reactivity-transform': 3.2.47
      '@vue/shared': 3.2.47
      estree-walker: 2.0.2
      magic-string: 0.25.9
      postcss: 8.4.22
      source-map: 0.6.1
    dev: true

  /@vue/compiler-sfc/3.3.0-alpha.12:
    resolution: {integrity: sha1-wrskbEfnbgyUt1uvc8qb40fVA1w=, tarball: '@vue/compiler-sfc/download/@vue/compiler-sfc-3.3.0-alpha.12.tgz'}
    dependencies:
      '@babel/parser': 7.21.4
      '@vue/compiler-core': 3.3.0-alpha.12
      '@vue/compiler-dom': 3.3.0-alpha.12
      '@vue/compiler-ssr': 3.3.0-alpha.12
      '@vue/reactivity-transform': 3.3.0-alpha.12
      '@vue/shared': 3.3.0-alpha.12
      estree-walker: 2.0.2
      magic-string: 0.30.0
      postcss: 8.4.22
      source-map-js: 1.0.2
    dev: true

  /@vue/compiler-ssr/3.2.47:
    resolution: {integrity: sha1-NYcsAaJzqsTWBwq52NqRirEwV+4=, tarball: '@vue/compiler-ssr/download/@vue/compiler-ssr-3.2.47.tgz'}
    dependencies:
      '@vue/compiler-dom': 3.2.47
      '@vue/shared': 3.2.47
    dev: true

  /@vue/compiler-ssr/3.3.0-alpha.12:
    resolution: {integrity: sha1-TcPvnCFwhXbNRz9xcPdMzAqRUmM=, tarball: '@vue/compiler-ssr/download/@vue/compiler-ssr-3.3.0-alpha.12.tgz'}
    dependencies:
      '@vue/compiler-dom': 3.3.0-alpha.12
      '@vue/shared': 3.3.0-alpha.12
    dev: true

  /@vue/reactivity-transform/3.2.47:
    resolution: {integrity: sha1-5F300GNw+KvykIGhav0lz/um2E4=, tarball: '@vue/reactivity-transform/download/@vue/reactivity-transform-3.2.47.tgz'}
    dependencies:
      '@babel/parser': 7.21.4
      '@vue/compiler-core': 3.2.47
      '@vue/shared': 3.2.47
      estree-walker: 2.0.2
      magic-string: 0.25.9
    dev: true

  /@vue/reactivity-transform/3.3.0-alpha.12:
    resolution: {integrity: sha1-PAXtz3wSo3IBv3wLrluioKabNyw=, tarball: '@vue/reactivity-transform/download/@vue/reactivity-transform-3.3.0-alpha.12.tgz'}
    dependencies:
      '@babel/parser': 7.21.4
      '@vue/compiler-core': 3.3.0-alpha.12
      '@vue/shared': 3.3.0-alpha.12
      estree-walker: 2.0.2
      magic-string: 0.30.0
    dev: true

  /@vue/reactivity/3.2.47:
    resolution: {integrity: sha1-HWOZB06t/D7TXHJ+L9cH1ogRQLY=, tarball: '@vue/reactivity/download/@vue/reactivity-3.2.47.tgz'}
    dependencies:
      '@vue/shared': 3.2.47
    dev: true

  /@vue/runtime-core/3.2.47:
    resolution: {integrity: sha1-QG663j1VUcAPxkCbvB7rEPMuEh0=, tarball: '@vue/runtime-core/download/@vue/runtime-core-3.2.47.tgz'}
    dependencies:
      '@vue/reactivity': 3.2.47
      '@vue/shared': 3.2.47
    dev: true

  /@vue/runtime-dom/3.2.47:
    resolution: {integrity: sha1-k+dg7q6rhN7ft8Pq8+1Y13Ypk4I=, tarball: '@vue/runtime-dom/download/@vue/runtime-dom-3.2.47.tgz'}
    dependencies:
      '@vue/runtime-core': 3.2.47
      '@vue/shared': 3.2.47
      csstype: 2.6.21
    dev: true

  /@vue/server-renderer/3.2.47_vue@3.2.47:
    resolution: {integrity: sha1-iqHRhx/E61p4Uap/dB+PcA5t48A=, tarball: '@vue/server-renderer/download/@vue/server-renderer-3.2.47.tgz'}
    peerDependencies:
      vue: 3.2.47
    dependencies:
      '@vue/compiler-ssr': 3.2.47
      '@vue/shared': 3.2.47
      vue: 3.2.47
    dev: true

  /@vue/shared/3.2.47:
    resolution: {integrity: sha1-5ZfvdQhsbolv9UeKa/wKeqS70Uw=, tarball: '@vue/shared/download/@vue/shared-3.2.47.tgz'}
    dev: true

  /@vue/shared/3.3.0-alpha.12:
    resolution: {integrity: sha1-SvSBn6XabIj7DEXlTcLkgNntYMg=, tarball: '@vue/shared/download/@vue/shared-3.3.0-alpha.12.tgz'}
    dev: true

  /acorn/8.8.2:
    resolution: {integrity: sha1-Gy8l2wKvllOZuXdrDCw5EnbTfEo=, tarball: acorn/download/acorn-8.8.2.tgz}
    engines: {node: '>=0.4.0'}
    hasBin: true
    dev: true

  /ajv/6.12.6:
    resolution: {integrity: sha1-uvWmLoArB9l3A0WG+MO69a3ybfQ=, tarball: ajv/download/ajv-6.12.6.tgz}
    dependencies:
      fast-deep-equal: 3.1.3
      fast-json-stable-stringify: 2.1.0
      json-schema-traverse: 0.4.1
      uri-js: 4.4.1
    dev: true

  /ansi-styles/4.3.0:
    resolution: {integrity: sha1-7dgDYornHATIWuegkG7a00tkiTc=, tarball: ansi-styles/download/ansi-styles-4.3.0.tgz}
    engines: {node: '>=8'}
    dependencies:
      color-convert: 2.0.1
    dev: true

  /anymatch/3.1.3:
    resolution: {integrity: sha1-eQxYsZuhcgqEIFtXxhjVrYUklz4=, tarball: anymatch/download/anymatch-3.1.3.tgz}
    engines: {node: '>= 8'}
    dependencies:
      normalize-path: 3.0.0
      picomatch: 2.3.1
    dev: true

  /argparse/1.0.10:
    resolution: {integrity: sha1-vNZ5HqWuCXJeF+WtmIE0zUCz2RE=, tarball: argparse/download/argparse-1.0.10.tgz}
    dependencies:
      sprintf-js: 1.0.3
    dev: true

  /ast-walker-scope/0.4.1:
    resolution: {integrity: sha1-ga41/IbzV2idrlpHIddDgx48JA4=, tarball: ast-walker-scope/download/ast-walker-scope-0.4.1.tgz}
    engines: {node: '>=14.19.0'}
    dependencies:
      '@babel/parser': 7.21.4
      '@babel/types': 7.21.4
    dev: true

  /balanced-match/1.0.2:
    resolution: {integrity: sha1-6D46fj8wCzTLnYf2FfoMvzV2kO4=, tarball: balanced-match/download/balanced-match-1.0.2.tgz}
    dev: true

  /binary-extensions/2.2.0:
    resolution: {integrity: sha1-dfUC7q+f/eQvyYgpZFvk6na9ni0=, tarball: binary-extensions/download/binary-extensions-2.2.0.tgz}
    engines: {node: '>=8'}
    dev: true

  /brace-expansion/2.0.1:
    resolution: {integrity: sha1-HtxFng8MVISG7Pn8mfIiE2S5oK4=, tarball: brace-expansion/download/brace-expansion-2.0.1.tgz}
    dependencies:
      balanced-match: 1.0.2
    dev: true

  /braces/3.0.2:
    resolution: {integrity: sha1-NFThpGLujVmeI23zNs2epPiv4Qc=, tarball: braces/download/braces-3.0.2.tgz}
    engines: {node: '>=8'}
    dependencies:
      fill-range: 7.0.1
    dev: true

  /chalk/4.1.2:
    resolution: {integrity: sha1-qsTit3NKdAhnrrFr8CqtVWoeegE=, tarball: chalk/download/chalk-4.1.2.tgz}
    engines: {node: '>=10'}
    dependencies:
      ansi-styles: 4.3.0
      supports-color: 7.2.0
    dev: true

  /chokidar/3.5.3:
    resolution: {integrity: sha1-HPN8hwe5Mr0a8a4iwEMuKs0ZA70=, tarball: chokidar/download/chokidar-3.5.3.tgz}
    engines: {node: '>= 8.10.0'}
    dependencies:
      anymatch: 3.1.3
      braces: 3.0.2
      glob-parent: 5.1.2
      is-binary-path: 2.1.0
      is-glob: 4.0.3
      normalize-path: 3.0.0
      readdirp: 3.6.0
    optionalDependencies:
      fsevents: 2.3.2
    dev: true

  /code-block-writer/11.0.3:
    resolution: {integrity: sha1-nuwpk+37eb+uhF+8CTdYwKC3O3Y=, tarball: code-block-writer/download/code-block-writer-11.0.3.tgz}
    dev: true

  /color-convert/2.0.1:
    resolution: {integrity: sha1-ctOmjVmMm9s68q0ehPIdiWq9TeM=, tarball: color-convert/download/color-convert-2.0.1.tgz}
    engines: {node: '>=7.0.0'}
    dependencies:
      color-name: 1.1.4
    dev: true

  /color-name/1.1.4:
    resolution: {integrity: sha1-wqCah6y95pVD3m9j+jmVyCbFNqI=, tarball: color-name/download/color-name-1.1.4.tgz}
    dev: true

  /colors/1.2.5:
    resolution: {integrity: sha1-icetmjdLwDDfgBMkH2gTbtiDWvw=, tarball: colors/download/colors-1.2.5.tgz}
    engines: {node: '>=0.1.90'}
    dev: true

  /commander/2.20.3:
    resolution: {integrity: sha1-/UhehMA+tIgcIHIrpIA16FMa6zM=, tarball: commander/download/commander-2.20.3.tgz}
    requiresBuild: true
    dev: true
    optional: true

  /copy-anything/2.0.6:
    resolution: {integrity: sha1-CSRU6pWEp7etVXMGKyqH9ZAPxIA=, tarball: copy-anything/download/copy-anything-2.0.6.tgz}
    dependencies:
      is-what: 3.14.1
    dev: true

  /csstype/2.6.21:
    resolution: {integrity: sha1-LvuFt8xVyAAXxmpa18vZMf2jqQ4=, tarball: csstype/download/csstype-2.6.21.tgz}
    dev: true

  /debug/3.2.7:
    resolution: {integrity: sha1-clgLfpFF+zm2Z2+cXl+xALk0F5o=, tarball: debug/download/debug-3.2.7.tgz}
    dependencies:
      ms: 2.1.3
    dev: true
    optional: true

  /debug/4.3.4:
    resolution: {integrity: sha1-Exn2V5NX8jONMzfSzdSRS7XcyGU=, tarball: debug/download/debug-4.3.4.tgz}
    engines: {node: '>=6.0'}
    peerDependencies:
      supports-color: '*'
    peerDependenciesMeta:
      supports-color:
        optional: true
    dependencies:
      ms: 2.1.2
    dev: true

  /errno/0.1.8:
    resolution: {integrity: sha1-i7Ppx9Rjvkl2/4iPdrSAnrwugR8=, tarball: errno/download/errno-0.1.8.tgz}
    hasBin: true
    requiresBuild: true
    dependencies:
      prr: 1.0.1
    dev: true
    optional: true

  /esbuild/0.17.12:
    resolution: {integrity: sha1-KtdSO/G8AYgenZBLwE5pO9O9zy8=, tarball: esbuild/download/esbuild-0.17.12.tgz}
    engines: {node: '>=12'}
    hasBin: true
    requiresBuild: true
    optionalDependencies:
      '@esbuild/android-arm': 0.17.12
      '@esbuild/android-arm64': 0.17.12
      '@esbuild/android-x64': 0.17.12
      '@esbuild/darwin-arm64': 0.17.12
      '@esbuild/darwin-x64': 0.17.12
      '@esbuild/freebsd-arm64': 0.17.12
      '@esbuild/freebsd-x64': 0.17.12
      '@esbuild/linux-arm': 0.17.12
      '@esbuild/linux-arm64': 0.17.12
      '@esbuild/linux-ia32': 0.17.12
      '@esbuild/linux-loong64': 0.17.12
      '@esbuild/linux-mips64el': 0.17.12
      '@esbuild/linux-ppc64': 0.17.12
      '@esbuild/linux-riscv64': 0.17.12
      '@esbuild/linux-s390x': 0.17.12
      '@esbuild/linux-x64': 0.17.12
      '@esbuild/netbsd-x64': 0.17.12
      '@esbuild/openbsd-x64': 0.17.12
      '@esbuild/sunos-x64': 0.17.12
      '@esbuild/win32-arm64': 0.17.12
      '@esbuild/win32-ia32': 0.17.12
      '@esbuild/win32-x64': 0.17.12
    dev: true

  /estree-walker/2.0.2:
    resolution: {integrity: sha1-UvAQF4wqTBF6d1fP6UKtt9LaTKw=, tarball: estree-walker/download/estree-walker-2.0.2.tgz}
    dev: true

  /fast-deep-equal/3.1.3:
    resolution: {integrity: sha1-On1WtVnWy8PrUSMlJE5hmmXGxSU=, tarball: fast-deep-equal/download/fast-deep-equal-3.1.3.tgz}
    dev: true

  /fast-glob/3.2.12:
    resolution: {integrity: sha1-fznsmcLmqwMDNxQtqeDBjzevroA=, tarball: fast-glob/download/fast-glob-3.2.12.tgz}
    engines: {node: '>=8.6.0'}
    dependencies:
      '@nodelib/fs.stat': 2.0.5
      '@nodelib/fs.walk': 1.2.8
      glob-parent: 5.1.2
      merge2: 1.4.1
      micromatch: 4.0.5
    dev: true

  /fast-json-stable-stringify/2.1.0:
    resolution: {integrity: sha1-h0v2nG9ATCtdmcSBNBOZ/VWJJjM=, tarball: fast-json-stable-stringify/download/fast-json-stable-stringify-2.1.0.tgz}
    dev: true

  /fastq/1.15.0:
    resolution: {integrity: sha1-0E0HxqKmj+RZn+qNLhA6k3+uazo=, tarball: fastq/download/fastq-1.15.0.tgz}
    dependencies:
      reusify: 1.0.4
    dev: true

  /fill-range/7.0.1:
    resolution: {integrity: sha1-GRmmp8df44ssfHflGYU12prN2kA=, tarball: fill-range/download/fill-range-7.0.1.tgz}
    engines: {node: '>=8'}
    dependencies:
      to-regex-range: 5.0.1
    dev: true

  /fs-extra/10.1.0:
    resolution: {integrity: sha1-Aoc8+8QITd4SfqpfmQXu8jJdGr8=, tarball: fs-extra/download/fs-extra-10.1.0.tgz}
    engines: {node: '>=12'}
    dependencies:
      graceful-fs: 4.2.11
      jsonfile: 6.1.0
      universalify: 2.0.0
    dev: true

  /fs-extra/7.0.1:
    resolution: {integrity: sha1-TxicRKoSO4lfcigE9V6iPq3DSOk=, tarball: fs-extra/download/fs-extra-7.0.1.tgz}
    engines: {node: '>=6 <7 || >=8'}
    dependencies:
      graceful-fs: 4.2.11
      jsonfile: 4.0.0
      universalify: 0.1.2
    dev: true

  /fsevents/2.3.2:
    resolution: {integrity: sha1-ilJveLj99GI7cJ4Ll1xSwkwC/Ro=, tarball: fsevents/download/fsevents-2.3.2.tgz}
    engines: {node: ^8.16.0 || ^10.6.0 || >=11.0.0}
    os: [darwin]
    requiresBuild: true
    dev: true
    optional: true

  /function-bind/1.1.1:
    resolution: {integrity: sha1-pWiZ0+o8m6uHS7l3O3xe3pL0iV0=, tarball: function-bind/download/function-bind-1.1.1.tgz}
    dev: true

  /glob-parent/5.1.2:
    resolution: {integrity: sha1-hpgyxYA0/mikCTwX3BXoNA2EAcQ=, tarball: glob-parent/download/glob-parent-5.1.2.tgz}
    engines: {node: '>= 6'}
    dependencies:
      is-glob: 4.0.3
    dev: true

  /graceful-fs/4.2.11:
    resolution: {integrity: sha1-QYPk6L8Iu24Fu7L30uDI9xLKQOM=, tarball: graceful-fs/download/graceful-fs-4.2.11.tgz}
    requiresBuild: true
    dev: true

  /has-flag/4.0.0:
    resolution: {integrity: sha1-lEdx/ZyByBJlxNaUGGDaBrtZR5s=, tarball: has-flag/download/has-flag-4.0.0.tgz}
    engines: {node: '>=8'}
    dev: true

  /has/1.0.3:
    resolution: {integrity: sha1-ci18v8H2qoJB8W3YFOAR4fQeh5Y=, tarball: has/download/has-1.0.3.tgz}
    engines: {node: '>= 0.4.0'}
    dependencies:
      function-bind: 1.1.1
    dev: true

  /iconv-lite/0.6.3:
    resolution: {integrity: sha1-pS+AvzjaGVLrXGgXkHGYcaGnJQE=, tarball: iconv-lite/download/iconv-lite-0.6.3.tgz}
    engines: {node: '>=0.10.0'}
    dependencies:
      safer-buffer: 2.1.2
    dev: true
    optional: true

  /image-size/0.5.5:
    resolution: {integrity: sha1-Cd/Uq50g4p6xw+gLiZA3jfnjy5w=, tarball: image-size/download/image-size-0.5.5.tgz}
    engines: {node: '>=0.10.0'}
    hasBin: true
    requiresBuild: true
    dev: true
    optional: true

  /import-lazy/4.0.0:
    resolution: {integrity: sha1-6OtidIOgpD2jwD8+NVSL5csMwVM=, tarball: import-lazy/download/import-lazy-4.0.0.tgz}
    engines: {node: '>=8'}
    dev: true

  /is-binary-path/2.1.0:
    resolution: {integrity: sha1-6h9/O4DwZCNug0cPhsCcJU+0Wwk=, tarball: is-binary-path/download/is-binary-path-2.1.0.tgz}
    engines: {node: '>=8'}
    dependencies:
      binary-extensions: 2.2.0
    dev: true

  /is-core-module/2.12.0:
    resolution: {integrity: sha1-Nq1i9vc8glP9ZHJRehJIPPA+fsQ=, tarball: is-core-module/download/is-core-module-2.12.0.tgz}
    dependencies:
      has: 1.0.3
    dev: true

  /is-extglob/2.1.1:
    resolution: {integrity: sha1-qIwCU1eR8C7TfHahueqXc8gz+MI=, tarball: is-extglob/download/is-extglob-2.1.1.tgz}
    engines: {node: '>=0.10.0'}
    dev: true

  /is-glob/4.0.3:
    resolution: {integrity: sha1-ZPYeQsu7LuwgcanawLKLoeZdUIQ=, tarball: is-glob/download/is-glob-4.0.3.tgz}
    engines: {node: '>=0.10.0'}
    dependencies:
      is-extglob: 2.1.1
    dev: true

  /is-number/7.0.0:
    resolution: {integrity: sha1-dTU0W4lnNNX4DE0GxQlVUnoU8Ss=, tarball: is-number/download/is-number-7.0.0.tgz}
    engines: {node: '>=0.12.0'}
    dev: true

  /is-what/3.14.1:
    resolution: {integrity: sha1-4SIvRt3ahd6tD9HJ3xMXYOd3VcE=, tarball: is-what/download/is-what-3.14.1.tgz}
    dev: true

  /jju/1.4.0:
    resolution: {integrity: sha1-o6vicYryQaKykE+EpiWXDzia4yo=, tarball: jju/download/jju-1.4.0.tgz}
    dev: true

  /json-schema-traverse/0.4.1:
    resolution: {integrity: sha1-afaofZUTq4u4/mO9sJecRI5oRmA=, tarball: json-schema-traverse/download/json-schema-traverse-0.4.1.tgz}
    dev: true

  /jsonfile/4.0.0:
    resolution: {integrity: sha1-h3Gq4HmbZAdrdmQPygWPnBDjPss=, tarball: jsonfile/download/jsonfile-4.0.0.tgz}
    optionalDependencies:
      graceful-fs: 4.2.11
    dev: true

  /jsonfile/6.1.0:
    resolution: {integrity: sha1-vFWyY0eTxnnsZAMJTrE2mKbsCq4=, tarball: jsonfile/download/jsonfile-6.1.0.tgz}
    dependencies:
      universalify: 2.0.0
    optionalDependencies:
      graceful-fs: 4.2.11
    dev: true

  /less/4.1.3:
    resolution: {integrity: sha1-F1vp3cv5slAXPgoAtNaSClt3AkY=, tarball: less/download/less-4.1.3.tgz}
    engines: {node: '>=6'}
    hasBin: true
    dependencies:
      copy-anything: 2.0.6
      parse-node-version: 1.0.1
      tslib: 2.5.0
    optionalDependencies:
      errno: 0.1.8
      graceful-fs: 4.2.11
      image-size: 0.5.5
      make-dir: 2.1.0
      mime: 1.6.0
      needle: 3.1.0
      source-map: 0.6.1
    dev: true

  /local-pkg/0.4.3:
    resolution: {integrity: sha1-D/Nhqzrn8cGRE9m7l7mLkF28SWM=, tarball: local-pkg/download/local-pkg-0.4.3.tgz}
    engines: {node: '>=14'}
    dev: true

  /lodash.get/4.4.2:
    resolution: {integrity: sha1-LRd/ZS+jHpObRDjVNBSZ36OCXpk=, tarball: lodash.get/download/lodash.get-4.4.2.tgz}
    dev: true

  /lodash.isequal/4.5.0:
    resolution: {integrity: sha1-QVxEePK8wwEgwizhDtMib30+GOA=, tarball: lodash.isequal/download/lodash.isequal-4.5.0.tgz}
    dev: true

  /lodash/4.17.21:
    resolution: {integrity: sha1-Z5WRxWTDv/quhFTPCz3zcMPWkRw=, tarball: lodash/download/lodash-4.17.21.tgz}
    dev: true

  /lru-cache/6.0.0:
    resolution: {integrity: sha1-bW/mVw69lqr5D8rR2vo7JWbbOpQ=, tarball: lru-cache/download/lru-cache-6.0.0.tgz}
    engines: {node: '>=10'}
    dependencies:
      yallist: 4.0.0
    dev: true

  /magic-string-ast/0.1.2:
    resolution: {integrity: sha1-fmy3H8vcLaX8ghMISJo1gxrg7eM=, tarball: magic-string-ast/download/magic-string-ast-0.1.2.tgz}
    engines: {node: '>=14.19.0'}
    dependencies:
      magic-string: 0.30.0
    dev: true

  /magic-string/0.25.9:
    resolution: {integrity: sha1-3n+fr5HvihyR0CwuUxTIJ3283Rw=, tarball: magic-string/download/magic-string-0.25.9.tgz}
    dependencies:
      sourcemap-codec: 1.4.8
    dev: true

  /magic-string/0.30.0:
    resolution: {integrity: sha1-/VikdIxcRUczikJOkPpd0X9N5Sk=, tarball: magic-string/download/magic-string-0.30.0.tgz}
    engines: {node: '>=12'}
    dependencies:
      '@jridgewell/sourcemap-codec': 1.4.15
    dev: true

  /make-dir/2.1.0:
    resolution: {integrity: sha1-XwMQ4YuL6JjMBwCSlaMK5B6R5vU=, tarball: make-dir/download/make-dir-2.1.0.tgz}
    engines: {node: '>=6'}
    requiresBuild: true
    dependencies:
      pify: 4.0.1
      semver: 5.7.1
    dev: true
    optional: true

  /merge2/1.4.1:
    resolution: {integrity: sha1-Q2iJL4hekHRVpv19xVwMnUBJkK4=, tarball: merge2/download/merge2-1.4.1.tgz}
    engines: {node: '>= 8'}
    dev: true

  /micromatch/4.0.5:
    resolution: {integrity: sha1-vImZp8u/d83InxMvbkZwUbSQkMY=, tarball: micromatch/download/micromatch-4.0.5.tgz}
    engines: {node: '>=8.6'}
    dependencies:
      braces: 3.0.2
      picomatch: 2.3.1
    dev: true

  /mime/1.6.0:
    resolution: {integrity: sha1-Ms2eXGRVO9WNGaVor0Uqz/BJgbE=, tarball: mime/download/mime-1.6.0.tgz}
    engines: {node: '>=4'}
    hasBin: true
    requiresBuild: true
    dev: true
    optional: true

  /minimatch/5.1.6:
    resolution: {integrity: sha1-HPy4z1Ui6mmVLNKvla4JR38SKpY=, tarball: minimatch/download/minimatch-5.1.6.tgz}
    engines: {node: '>=10'}
    dependencies:
      brace-expansion: 2.0.1
    dev: true

  /mkdirp/1.0.4:
    resolution: {integrity: sha1-PrXtYmInVteaXw4qIh3+utdcL34=, tarball: mkdirp/download/mkdirp-1.0.4.tgz}
    engines: {node: '>=10'}
    hasBin: true
    dev: true

  /ms/2.1.2:
    resolution: {integrity: sha1-0J0fNXtEP0kzgqjrPM0YOHKuYAk=, tarball: ms/download/ms-2.1.2.tgz}
    dev: true

  /ms/2.1.3:
    resolution: {integrity: sha1-V0yBOM4dK1hh8LRFedut1gxmFbI=, tarball: ms/download/ms-2.1.3.tgz}
    dev: true
    optional: true

  /nanoid/3.3.6:
    resolution: {integrity: sha1-RDOAyFbW6fmCQmfZYLQjatWD6kw=, tarball: nanoid/download/nanoid-3.3.6.tgz}
    engines: {node: ^10 || ^12 || ^13.7 || ^14 || >=15.0.1}
    hasBin: true
    dev: true

  /needle/3.1.0:
    resolution: {integrity: sha1-O/XNCQwo6xVkQYGrZpngJ71sU8k=, tarball: needle/download/needle-3.1.0.tgz}
    engines: {node: '>= 4.4.x'}
    hasBin: true
    requiresBuild: true
    dependencies:
      debug: 3.2.7
      iconv-lite: 0.6.3
      sax: 1.2.4
    dev: true
    optional: true

  /normalize-path/3.0.0:
    resolution: {integrity: sha1-Dc1p/yOhybEf0JeDFmRKA4ghamU=, tarball: normalize-path/download/normalize-path-3.0.0.tgz}
    engines: {node: '>=0.10.0'}
    dev: true

  /parse-node-version/1.0.1:
    resolution: {integrity: sha1-4rXb7eAOf6m8NjYH9TMn6LBzGJs=, tarball: parse-node-version/download/parse-node-version-1.0.1.tgz}
    engines: {node: '>= 0.10'}
    dev: true

  /path-browserify/1.0.1:
    resolution: {integrity: sha1-2YRUqcN1PVeQhg8W9ohnueRr4f0=, tarball: path-browserify/download/path-browserify-1.0.1.tgz}
    dev: true

  /path-parse/1.0.7:
    resolution: {integrity: sha1-+8EUtgykKzDZ2vWFjkvWi77bZzU=, tarball: path-parse/download/path-parse-1.0.7.tgz}
    dev: true

  /picocolors/1.0.0:
    resolution: {integrity: sha1-y1vcdP8/UYkiNur3nWi8RFZKuBw=, tarball: picocolors/download/picocolors-1.0.0.tgz}
    dev: true

  /picomatch/2.3.1:
    resolution: {integrity: sha1-O6ODNzNkbZ0+SZWUbBNlpn+wekI=, tarball: picomatch/download/picomatch-2.3.1.tgz}
    engines: {node: '>=8.6'}
    dev: true

  /pify/4.0.1:
    resolution: {integrity: sha1-SyzSXFDVmHNcUCkiJP2MbfQeMjE=, tarball: pify/download/pify-4.0.1.tgz}
    engines: {node: '>=6'}
    dev: true
    optional: true

  /postcss/8.4.22:
    resolution: {integrity: sha1-wp5ndrYKs69gLUtRPVvS/5qoXcE=, tarball: postcss/download/postcss-8.4.22.tgz}
    engines: {node: ^10 || ^12 || >=14}
    dependencies:
      nanoid: 3.3.6
      picocolors: 1.0.0
      source-map-js: 1.0.2
    dev: true

  /prr/1.0.1:
    resolution: {integrity: sha1-0/wRS6BplaRexok/SEzrHXj19HY=, tarball: prr/download/prr-1.0.1.tgz}
    dev: true
    optional: true

  /punycode/2.3.0:
    resolution: {integrity: sha1-9n+mfJTaj00M//mBruQRgGQZm48=, tarball: punycode/download/punycode-2.3.0.tgz}
    engines: {node: '>=6'}
    dev: true

  /queue-microtask/1.2.3:
    resolution: {integrity: sha1-SSkii7xyTfrEPg77BYyve2z7YkM=, tarball: queue-microtask/download/queue-microtask-1.2.3.tgz}
    dev: true

  /readdirp/3.6.0:
    resolution: {integrity: sha1-dKNwvYVxFuJFspzJc0DNQxoCpsc=, tarball: readdirp/download/readdirp-3.6.0.tgz}
    engines: {node: '>=8.10.0'}
    dependencies:
      picomatch: 2.3.1
    dev: true

  /resolve/1.17.0:
    resolution: {integrity: sha1-sllBtUloIxzC0bt2p5y38sC/hEQ=, tarball: resolve/download/resolve-1.17.0.tgz}
    dependencies:
      path-parse: 1.0.7
    dev: true

  /resolve/1.19.0:
    resolution: {integrity: sha1-GvW/YwQJc0oGfK4pMYqsf6KaJnw=, tarball: resolve/download/resolve-1.19.0.tgz}
    dependencies:
      is-core-module: 2.12.0
      path-parse: 1.0.7
    dev: true

  /resolve/1.22.2:
    resolution: {integrity: sha1-DtCUPU4wGGeVV2bJ8+GubQHGhF8=, tarball: resolve/download/resolve-1.22.2.tgz}
    hasBin: true
    dependencies:
      is-core-module: 2.12.0
      path-parse: 1.0.7
      supports-preserve-symlinks-flag: 1.0.0
    dev: true

  /reusify/1.0.4:
    resolution: {integrity: sha1-kNo4Kx4SbvwCFG6QhFqI2xKSXXY=, tarball: reusify/download/reusify-1.0.4.tgz}
    engines: {iojs: '>=1.0.0', node: '>=0.10.0'}
    dev: true

  /rollup/3.20.2:
    resolution: {integrity: sha1-95jGADF/IW3i5K2fTZqzCom2kP8=, tarball: rollup/download/rollup-3.20.2.tgz}
    engines: {node: '>=14.18.0', npm: '>=8.0.0'}
    hasBin: true
    optionalDependencies:
      fsevents: 2.3.2
    dev: true

  /run-parallel/1.2.0:
    resolution: {integrity: sha1-ZtE2jae9+SHrnZW9GpIp5/IaQ+4=, tarball: run-parallel/download/run-parallel-1.2.0.tgz}
    dependencies:
      queue-microtask: 1.2.3
    dev: true

  /safer-buffer/2.1.2:
    resolution: {integrity: sha1-RPoWGwGHuVSd2Eu5GAL5vYOFzWo=, tarball: safer-buffer/download/safer-buffer-2.1.2.tgz}
    dev: true
    optional: true

  /sax/1.2.4:
    resolution: {integrity: sha1-KBYjTiN4vdxOU1T6tcqold9xANk=, tarball: sax/download/sax-1.2.4.tgz}
    dev: true
    optional: true

  /semver/5.7.1:
    resolution: {integrity: sha1-qVT5Ma66UI0we78Gnv8MAclhFvc=, tarball: semver/download/semver-5.7.1.tgz}
    hasBin: true
    dev: true
    optional: true

  /semver/7.3.8:
    resolution: {integrity: sha1-B6eP6vs/ezI0fXJeM95+Ki32d5g=, tarball: semver/download/semver-7.3.8.tgz}
    engines: {node: '>=10'}
    hasBin: true
    dependencies:
      lru-cache: 6.0.0
    dev: true

  /source-map-js/1.0.2:
    resolution: {integrity: sha1-rbw2HZxi3zgBJefxYfccgm8eSQw=, tarball: source-map-js/download/source-map-js-1.0.2.tgz}
    engines: {node: '>=0.10.0'}
    dev: true

  /source-map/0.6.1:
    resolution: {integrity: sha1-dHIq8y6WFOnCh6jQu95IteLxomM=, tarball: source-map/download/source-map-0.6.1.tgz}
    engines: {node: '>=0.10.0'}
    dev: true

  /sourcemap-codec/1.4.8:
    resolution: {integrity: sha1-6oBL2UhXQC5pktBaOO8a41qatMQ=, tarball: sourcemap-codec/download/sourcemap-codec-1.4.8.tgz}
    dev: true

  /sprintf-js/1.0.3:
    resolution: {integrity: sha1-BOaSb2YolTVPPdAVIDYzuFcpfiw=, tarball: sprintf-js/download/sprintf-js-1.0.3.tgz}
    dev: true

  /string-argv/0.3.1:
    resolution: {integrity: sha1-leL77AQnrhkYSTX4FtdKqkxcGdo=, tarball: string-argv/download/string-argv-0.3.1.tgz}
    engines: {node: '>=0.6.19'}
    dev: true

  /strip-json-comments/3.1.1:
    resolution: {integrity: sha1-MfEoGzgyYwQ0gxwxDAHMzajL4AY=, tarball: strip-json-comments/download/strip-json-comments-3.1.1.tgz}
    engines: {node: '>=8'}
    dev: true

  /supports-color/7.2.0:
    resolution: {integrity: sha1-G33NyzK4E4gBs+R4umpRyqiWSNo=, tarball: supports-color/download/supports-color-7.2.0.tgz}
    engines: {node: '>=8'}
    dependencies:
      has-flag: 4.0.0
    dev: true

  /supports-preserve-symlinks-flag/1.0.0:
    resolution: {integrity: sha1-btpL00SjyUrqN21MwxvHcxEDngk=, tarball: supports-preserve-symlinks-flag/download/supports-preserve-symlinks-flag-1.0.0.tgz}
    engines: {node: '>= 0.4'}
    dev: true

  /timsort/0.3.0:
    resolution: {integrity: sha1-QFQRqOfmM5/mTbmiNN4R3DHgK9Q=, tarball: timsort/download/timsort-0.3.0.tgz}
    dev: true

  /to-fast-properties/2.0.0:
    resolution: {integrity: sha1-3F5pjL0HkmW8c+A3doGk5Og/YW4=, tarball: to-fast-properties/download/to-fast-properties-2.0.0.tgz}
    engines: {node: '>=4'}
    dev: true

  /to-regex-range/5.0.1:
    resolution: {integrity: sha1-FkjESq58jZiKMmAY7XL1tN0DkuQ=, tarball: to-regex-range/download/to-regex-range-5.0.1.tgz}
    engines: {node: '>=8.0'}
    dependencies:
      is-number: 7.0.0
    dev: true

  /ts-morph/14.0.0:
    resolution: {integrity: sha1-a/+35FhM9qmuvOIGa/Qljh0D+fo=, tarball: ts-morph/download/ts-morph-14.0.0.tgz}
    dependencies:
      '@ts-morph/common': 0.13.0
      code-block-writer: 11.0.3
    dev: true

  /tslib/2.5.0:
    resolution: {integrity: sha1-Qr/thvV4eutB0DGGbI9AJCng/d8=, tarball: tslib/download/tslib-2.5.0.tgz}
    dev: true

  /typescript/4.6.4:
    resolution: {integrity: sha1-yqeLvDpZ5qXFENNXA/agmHfORek=, tarball: typescript/download/typescript-4.6.4.tgz}
    engines: {node: '>=4.2.0'}
    hasBin: true
    dev: true

  /typescript/5.0.4:
    resolution: {integrity: sha1-shf9IBGb1hqU1AESdOCrNpBY2js=, tarball: typescript/download/typescript-5.0.4.tgz}
    engines: {node: '>=12.20'}
    hasBin: true
    dev: true

  /universalify/0.1.2:
    resolution: {integrity: sha1-tkb2m+OULavOzJ1mOcgNwQXvqmY=, tarball: universalify/download/universalify-0.1.2.tgz}
    engines: {node: '>= 4.0.0'}
    dev: true

  /universalify/2.0.0:
    resolution: {integrity: sha1-daSYTv7cSwiXXFrrc/Uw0C3yVxc=, tarball: universalify/download/universalify-2.0.0.tgz}
    engines: {node: '>= 10.0.0'}
    dev: true

  /unplugin/1.3.1:
    resolution: {integrity: sha1-evmTuoaV0X1hsIRXGDgMr2r1EJ8=, tarball: unplugin/download/unplugin-1.3.1.tgz}
    dependencies:
      acorn: 8.8.2
      chokidar: 3.5.3
      webpack-sources: 3.2.3
      webpack-virtual-modules: 0.5.0
    dev: true

  /uri-js/4.4.1:
    resolution: {integrity: sha1-mxpSWVIlhZ5V9mnZKPiMbFfyp34=, tarball: uri-js/download/uri-js-4.4.1.tgz}
    dependencies:
      punycode: 2.3.0
    dev: true

  /validator/13.7.0:
    resolution: {integrity: sha1-T5ZYuhO6jz2C7ogdNRZInqhcCFc=, tarball: validator/download/validator-13.7.0.tgz}
    engines: {node: '>= 0.10'}
    dev: true

  /vite-plugin-dts/1.2.0_vite@4.2.1:
    resolution: {integrity: sha1-ed3o/ATWjT+8IovPTBaY8L5rFic=, tarball: vite-plugin-dts/download/vite-plugin-dts-1.2.0.tgz}
    engines: {node: '>=12.0.0'}
    peerDependencies:
      vite: '>=2.4.4'
    dependencies:
      '@microsoft/api-extractor': 7.25.2
      '@rushstack/node-core-library': 3.45.7
      chalk: 4.1.2
      debug: 4.3.4
      fast-glob: 3.2.12
      fs-extra: 10.1.0
      ts-morph: 14.0.0
      vite: 4.2.1_less@4.1.3
    transitivePeerDependencies:
      - supports-color
    dev: true

  /vite/4.2.1:
    resolution: {integrity: sha1-bC6zN7Df2Aqd7VkiFjuUlJ1/wlQ=, tarball: vite/download/vite-4.2.1.tgz}
    engines: {node: ^14.18.0 || >=16.0.0}
    hasBin: true
    peerDependencies:
      '@types/node': '>= 14'
      less: '*'
      sass: '*'
      stylus: '*'
      sugarss: '*'
      terser: ^5.4.0
    peerDependenciesMeta:
      '@types/node':
        optional: true
      less:
        optional: true
      sass:
        optional: true
      stylus:
        optional: true
      sugarss:
        optional: true
      terser:
        optional: true
    dependencies:
      esbuild: 0.17.12
      postcss: 8.4.22
      resolve: 1.22.2
      rollup: 3.20.2
    optionalDependencies:
      fsevents: 2.3.2
    dev: true

  /vite/4.2.1_less@4.1.3:
    resolution: {integrity: sha1-bC6zN7Df2Aqd7VkiFjuUlJ1/wlQ=, tarball: vite/download/vite-4.2.1.tgz}
    engines: {node: ^14.18.0 || >=16.0.0}
    hasBin: true
    peerDependencies:
      '@types/node': '>= 14'
      less: '*'
      sass: '*'
      stylus: '*'
      sugarss: '*'
      terser: ^5.4.0
    peerDependenciesMeta:
      '@types/node':
        optional: true
      less:
        optional: true
      sass:
        optional: true
      stylus:
        optional: true
      sugarss:
        optional: true
      terser:
        optional: true
    dependencies:
      esbuild: 0.17.12
      less: 4.1.3
      postcss: 8.4.22
      resolve: 1.22.2
      rollup: 3.20.2
    optionalDependencies:
      fsevents: 2.3.2
    dev: true

  /vue/3.2.47:
    resolution: {integrity: sha1-Prc2y8YG/IcDjbumoVRwfIo0z/A=, tarball: vue/download/vue-3.2.47.tgz}
    dependencies:
      '@vue/compiler-dom': 3.2.47
      '@vue/compiler-sfc': 3.2.47
      '@vue/runtime-dom': 3.2.47
      '@vue/server-renderer': 3.2.47_vue@3.2.47
      '@vue/shared': 3.2.47
    dev: true

  /webpack-sources/3.2.3:
    resolution: {integrity: sha1-LU2quEUf1LJAzCcFX/agwszqDN4=, tarball: webpack-sources/download/webpack-sources-3.2.3.tgz}
    engines: {node: '>=10.13.0'}
    dev: true

  /webpack-virtual-modules/0.5.0:
    resolution: {integrity: sha1-Ni8Uc4pW2uEHk3q5jqcGLovdO2w=, tarball: webpack-virtual-modules/download/webpack-virtual-modules-0.5.0.tgz}
    dev: true

  /yallist/4.0.0:
    resolution: {integrity: sha1-m7knkNnA7/7GO+c1GeEaNQGaOnI=, tarball: yallist/download/yallist-4.0.0.tgz}
    dev: true

  /z-schema/5.0.3:
    resolution: {integrity: sha1-aPr7m3Nfx/PInquz5aY1O017STU=, tarball: z-schema/download/z-schema-5.0.3.tgz}
    engines: {node: '>=8.0.0'}
    hasBin: true
    dependencies:
      lodash.get: 4.4.2
      lodash.isequal: 4.5.0
      validator: 13.7.0
    optionalDependencies:
      commander: 2.20.3
    dev: true

  registry.npmjs.org/unplugin-vue-define-options/1.3.3_vue@3.2.47:
    resolution: {integrity: sha512-gSBR84QJZUYhiLlQzJ8dQ9BCUAnnfWf+sTqhxXpzoL/nWH3sQqlGWznQtUPKTqQZdupQr1DCIVvLYMQD1/4X6g==, registry: https://registry-npm.daojia-inc.com/, tarball: https://registry.npmjs.org/unplugin-vue-define-options/-/unplugin-vue-define-options-1.3.3.tgz}
    id: registry.npmjs.org/unplugin-vue-define-options/1.3.3
    name: unplugin-vue-define-options
    version: 1.3.3
    engines: {node: '>=14.19.0'}
    dependencies:
      '@vue-macros/common': 1.2.0_vue@3.2.47
      ast-walker-scope: 0.4.1
      unplugin: 1.3.1
    transitivePeerDependencies:
      - rollup
      - vue
    dev: true
